
Microsoft Visual Studio Solution File, Format Version 12.00
# Visual Studio Version 17
VisualStudioVersion = 17.5.33530.505
MinimumVisualStudioVersion = 10.0.40219.1
Project("{FAE04EC0-301F-11D3-BF4B-00C04F79EFBC}") = "ASP_Persons", "ASP_Persons\ASP_Persons.csproj", "{5B373055-929D-44B3-8A8B-79825885219F}"
EndProject
Global
	GlobalSection(SolutionConfigurationPlatforms) = preSolution
		Debug|Any CPU = Debug|Any CPU
		Release|Any CPU = Release|Any CPU
	EndGlobalSection
	GlobalSection(ProjectConfigurationPlatforms) = postSolution
		{5B373055-929D-44B3-8A8B-79825885219F}.Debug|Any CPU.ActiveCfg = Debug|Any CPU
		{5B373055-929D-44B3-8A8B-79825885219F}.Debug|Any CPU.Build.0 = Debug|Any CPU
		{5B373055-929D-44B3-8A8B-79825885219F}.Release|Any CPU.ActiveCfg = Release|Any CPU
		{5B373055-929D-44B3-8A8B-79825885219F}.Release|Any CPU.Build.0 = Release|Any CPU
	EndGlobalSection
	GlobalSection(SolutionProperties) = preSolution
		HideSolutionNode = FALSE
	EndGlobalSection
	GlobalSection(ExtensibilityGlobals) = postSolution
		SolutionGuid = {4DD2F0FE-F00B-46DD-9AB6-8A4A6C97FB42}
	EndGlobalSection
EndGlobal
